
Microsoft Visual Studio Solution File, Format Version 12.00
# Visual Studio 15
VisualStudioVersion = 15.0.26730.16
MinimumVisualStudioVersion = 10.0.40219.1
Project("{8BC9CEB8-8B4A-11D0-8D11-00A0C91BC942}") = "hw3.17", "hw3.17\hw3.17.vcxproj", "{794D5CDF-68E3-48FC-B23E-71A2AC41A075}"
EndProject
Global
	GlobalSection(SolutionConfigurationPlatforms) = preSolution
		Debug|x64 = Debug|x64
		Debug|x86 = Debug|x86
		Release|x64 = Release|x64
		Release|x86 = Release|x86
	EndGlobalSection
	GlobalSection(ProjectConfigurationPlatforms) = postSolution
		{794D5CDF-68E3-48FC-B23E-71A2AC41A075}.Debug|x64.ActiveCfg = Debug|x64
		{794D5CDF-68E3-48FC-B23E-71A2AC41A075}.Debug|x64.Build.0 = Debug|x64
		{794D5CDF-68E3-48FC-B23E-71A2AC41A075}.Debug|x86.ActiveCfg = Debug|Win32
		{794D5CDF-68E3-48FC-B23E-71A2AC41A075}.Debug|x86.Build.0 = Debug|Win32
		{794D5CDF-68E3-48FC-B23E-71A2AC41A075}.Release|x64.ActiveCfg = Release|x64
		{794D5CDF-68E3-48FC-B23E-71A2AC41A075}.Release|x64.Build.0 = Release|x64
		{794D5CDF-68E3-48FC-B23E-71A2AC41A075}.Release|x86.ActiveCfg = Release|Win32
		{794D5CDF-68E3-48FC-B23E-71A2AC41A075}.Release|x86.Build.0 = Release|Win32
	EndGlobalSection
	GlobalSection(SolutionProperties) = preSolution
		HideSolutionNode = FALSE
	EndGlobalSection
	GlobalSection(ExtensibilityGlobals) = postSolution
		SolutionGuid = {4F4434C4-6883-4052-826A-AA4AA79636D1}
	EndGlobalSection
EndGlobal
